
Microsoft Visual Studio Solution File, Format Version 12.00
# Visual Studio Version 17
VisualStudioVersion = 17.8.34408.163
MinimumVisualStudioVersion = 10.0.40219.1
Project("{8BC9CEB8-8B4A-11D0-8D11-00A0C91BC942}") = "LagaetCatBan", "LagaetCatBan\LagaetCatBan.vcxproj", "{B71DB62C-869B-4D02-95A6-23524468AAFB}"
EndProject
Global
	GlobalSection(SolutionConfigurationPlatforms) = preSolution
		Debug|x64 = Debug|x64
		Debug|x86 = Debug|x86
		Release|x64 = Release|x64
		Release|x86 = Release|x86
	EndGlobalSection
	GlobalSection(ProjectConfigurationPlatforms) = postSolution
		{B71DB62C-869B-4D02-95A6-23524468AAFB}.Debug|x64.ActiveCfg = Debug|x64
		{B71DB62C-869B-4D02-95A6-23524468AAFB}.Debug|x64.Build.0 = Debug|x64
		{B71DB62C-869B-4D02-95A6-23524468AAFB}.Debug|x86.ActiveCfg = Debug|Win32
		{B71DB62C-869B-4D02-95A6-23524468AAFB}.Debug|x86.Build.0 = Debug|Win32
		{B71DB62C-869B-4D02-95A6-23524468AAFB}.Release|x64.ActiveCfg = Release|x64
		{B71DB62C-869B-4D02-95A6-23524468AAFB}.Release|x64.Build.0 = Release|x64
		{B71DB62C-869B-4D02-95A6-23524468AAFB}.Release|x86.ActiveCfg = Release|Win32
		{B71DB62C-869B-4D02-95A6-23524468AAFB}.Release|x86.Build.0 = Release|Win32
	EndGlobalSection
	GlobalSection(SolutionProperties) = preSolution
		HideSolutionNode = FALSE
	EndGlobalSection
	GlobalSection(ExtensibilityGlobals) = postSolution
		SolutionGuid = {430C02AC-F565-4C42-B026-A78024C24335}
	EndGlobalSection
EndGlobal
